{
  "name": "ol-web-actiontest",
  "version": "2.0.0",
  "lockfileVersion": 2,
  "requires": true,
  "packages": {
    "": {
      "name": "ol-web-actiontest",
      "version": "2.0.0",
      "license": "ISC",
      "dependencies": {
        "times-in-milliseconds": "^0.0.3"
      }
    },
    "node_modules/times-in-milliseconds": {
      "version": "0.0.3",
      "resolved": "https://registry.npmjs.org/times-in-milliseconds/-/times-in-milliseconds-0.0.3.tgz",
      "integrity": "sha512-hefRLak+sslRMuYRj47chh/p2owzoPSbMaQbjmdqblZP/SO4Ua3WfDV+aamdj+oUX5TK4birssAli1N4JQyrWQ=="
    }
  },
  "dependencies": {
    "times-in-milliseconds": {
      "version": "0.0.3",
      "resolved": "https://registry.npmjs.org/times-in-milliseconds/-/times-in-milliseconds-0.0.3.tgz",
      "integrity": "sha512-hefRLak+sslRMuYRj47chh/p2owzoPSbMaQbjmdqblZP/SO4Ua3WfDV+aamdj+oUX5TK4birssAli1N4JQyrWQ=="
    }
  }
}
